// !$*UTF8*$!
{
	archiveVersion = 1;
	classes = {
	};
	objectVersion = 51;
	objects = {

/* Begin PBXBuildFile section */
		123B4E8E45471E8E45487859 /* Pods_umaps.framework in Frameworks */ = {isa = PBXBuildFile; fileRef = 66FA5686ABB002F426C6EB1E /* Pods_umaps.framework */; };
		CF6D016E23F862D200F4EE2F /* Square.swift in Sources */ = {isa = PBXBuildFile; fileRef = CF6D016D23F862D200F4EE2F /* Square.swift */; };
		CF7C0E2C23F930E000F10DF6 /* Grid+Inits.swift in Sources */ = {isa = PBXBuildFile; fileRef = CF7C0E1C23F930E000F10DF6 /* Grid+Inits.swift */; };
		CF7C0E2D23F930E000F10DF6 /* StaggeredGridStyle.swift in Sources */ = {isa = PBXBuildFile; fileRef = CF7C0E1E23F930E000F10DF6 /* StaggeredGridStyle.swift */; };
		CF7C0E2E23F930E000F10DF6 /* Tracks.swift in Sources */ = {isa = PBXBuildFile; fileRef = CF7C0E2023F930E000F10DF6 /* Tracks.swift */; };
		CF7C0E2F23F930E000F10DF6 /* LayoutMath.swift in Sources */ = {isa = PBXBuildFile; fileRef = CF7C0E2123F930E000F10DF6 /* LayoutMath.swift */; };
		CF7C0E3023F930E000F10DF6 /* GridStyle.swift in Sources */ = {isa = PBXBuildFile; fileRef = CF7C0E2323F930E000F10DF6 /* GridStyle.swift */; };
		CF7C0E3123F930E000F10DF6 /* GridItemPreferencesModifier.swift in Sources */ = {isa = PBXBuildFile; fileRef = CF7C0E2423F930E000F10DF6 /* GridItemPreferencesModifier.swift */; };
		CF7C0E3223F930E000F10DF6 /* GridItemPreferencesKey.swift in Sources */ = {isa = PBXBuildFile; fileRef = CF7C0E2523F930E000F10DF6 /* GridItemPreferencesKey.swift */; };
		CF7C0E3323F930E000F10DF6 /* View+GridStyle.swift in Sources */ = {isa = PBXBuildFile; fileRef = CF7C0E2623F930E000F10DF6 /* View+GridStyle.swift */; };
		CF7C0E3423F930E000F10DF6 /* GridStyleKey.swift in Sources */ = {isa = PBXBuildFile; fileRef = CF7C0E2723F930E000F10DF6 /* GridStyleKey.swift */; };
		CF7C0E3523F930E000F10DF6 /* EnvironmentValues+GridStyle.swift in Sources */ = {isa = PBXBuildFile; fileRef = CF7C0E2823F930E000F10DF6 /* EnvironmentValues+GridStyle.swift */; };
		CF7C0E3623F930E000F10DF6 /* GridItemPreferences.swift in Sources */ = {isa = PBXBuildFile; fileRef = CF7C0E2923F930E000F10DF6 /* GridItemPreferences.swift */; };
		CF7C0E3723F930E000F10DF6 /* ModularGridStyle.swift in Sources */ = {isa = PBXBuildFile; fileRef = CF7C0E2A23F930E000F10DF6 /* ModularGridStyle.swift */; };
		CF7C0E3823F930E000F10DF6 /* Grid.swift in Sources */ = {isa = PBXBuildFile; fileRef = CF7C0E2B23F930E000F10DF6 /* Grid.swift */; };
		CF7C0E3A23F9317000F10DF6 /* Item.swift in Sources */ = {isa = PBXBuildFile; fileRef = CF7C0E3923F9317000F10DF6 /* Item.swift */; };
		CF7C0E3C23F936F400F10DF6 /* GridInterface.swift in Sources */ = {isa = PBXBuildFile; fileRef = CF7C0E3B23F936F400F10DF6 /* GridInterface.swift */; };
		CF7C0E3E23F972FA00F10DF6 /* Constants.swift in Sources */ = {isa = PBXBuildFile; fileRef = CF7C0E3D23F972FA00F10DF6 /* Constants.swift */; };
		CF7C0E4223F97FD200F10DF6 /* GoogleService-Info.plist in Resources */ = {isa = PBXBuildFile; fileRef = CF7C0E4123F97FD200F10DF6 /* GoogleService-Info.plist */; };
		CFDB7D2823F92FAB002A0284 /* GridViewController.swift in Sources */ = {isa = PBXBuildFile; fileRef = CFDB7D2723F92FAB002A0284 /* GridViewController.swift */; };
		CFEA015B23F7BAC500C93CD2 /* AppDelegate.swift in Sources */ = {isa = PBXBuildFile; fileRef = CFEA015A23F7BAC500C93CD2 /* AppDelegate.swift */; };
		CFEA015D23F7BAC500C93CD2 /* SceneDelegate.swift in Sources */ = {isa = PBXBuildFile; fileRef = CFEA015C23F7BAC500C93CD2 /* SceneDelegate.swift */; };
		CFEA015F23F7BAC500C93CD2 /* ViewController.swift in Sources */ = {isa = PBXBuildFile; fileRef = CFEA015E23F7BAC500C93CD2 /* ViewController.swift */; };
		CFEA016223F7BAC500C93CD2 /* Main.storyboard in Resources */ = {isa = PBXBuildFile; fileRef = CFEA016023F7BAC500C93CD2 /* Main.storyboard */; };
		CFEA016423F7BAC600C93CD2 /* Assets.xcassets in Resources */ = {isa = PBXBuildFile; fileRef = CFEA016323F7BAC600C93CD2 /* Assets.xcassets */; };
		CFEA016723F7BAC600C93CD2 /* LaunchScreen.storyboard in Resources */ = {isa = PBXBuildFile; fileRef = CFEA016523F7BAC600C93CD2 /* LaunchScreen.storyboard */; };
/* End PBXBuildFile section */

/* Begin PBXFileReference section */
		6152E3A58D7EFB274435AC41 /* Pods-umaps.release.xcconfig */ = {isa = PBXFileReference; includeInIndex = 1; lastKnownFileType = text.xcconfig; name = "Pods-umaps.release.xcconfig"; path = "Target Support Files/Pods-umaps/Pods-umaps.release.xcconfig"; sourceTree = "<group>"; };
		66FA5686ABB002F426C6EB1E /* Pods_umaps.framework */ = {isa = PBXFileReference; explicitFileType = wrapper.framework; includeInIndex = 0; path = Pods_umaps.framework; sourceTree = BUILT_PRODUCTS_DIR; };
		8152A171576043C2ED97910D /* Pods-umaps.debug.xcconfig */ = {isa = PBXFileReference; includeInIndex = 1; lastKnownFileType = text.xcconfig; name = "Pods-umaps.debug.xcconfig"; path = "Target Support Files/Pods-umaps/Pods-umaps.debug.xcconfig"; sourceTree = "<group>"; };
		CF6D016D23F862D200F4EE2F /* Square.swift */ = {isa = PBXFileReference; lastKnownFileType = sourcecode.swift; path = Square.swift; sourceTree = "<group>"; };
		CF7C0E1C23F930E000F10DF6 /* Grid+Inits.swift */ = {isa = PBXFileReference; fileEncoding = 4; lastKnownFileType = sourcecode.swift; path = "Grid+Inits.swift"; sourceTree = "<group>"; };
		CF7C0E1E23F930E000F10DF6 /* StaggeredGridStyle.swift */ = {isa = PBXFileReference; fileEncoding = 4; lastKnownFileType = sourcecode.swift; path = StaggeredGridStyle.swift; sourceTree = "<group>"; };
		CF7C0E2023F930E000F10DF6 /* Tracks.swift */ = {isa = PBXFileReference; fileEncoding = 4; lastKnownFileType = sourcecode.swift; path = Tracks.swift; sourceTree = "<group>"; };
		CF7C0E2123F930E000F10DF6 /* LayoutMath.swift */ = {isa = PBXFileReference; fileEncoding = 4; lastKnownFileType = sourcecode.swift; path = LayoutMath.swift; sourceTree = "<group>"; };
		CF7C0E2323F930E000F10DF6 /* GridStyle.swift */ = {isa = PBXFileReference; fileEncoding = 4; lastKnownFileType = sourcecode.swift; path = GridStyle.swift; sourceTree = "<group>"; };
		CF7C0E2423F930E000F10DF6 /* GridItemPreferencesModifier.swift */ = {isa = PBXFileReference; fileEncoding = 4; lastKnownFileType = sourcecode.swift; path = GridItemPreferencesModifier.swift; sourceTree = "<group>"; };
		CF7C0E2523F930E000F10DF6 /* GridItemPreferencesKey.swift */ = {isa = PBXFileReference; fileEncoding = 4; lastKnownFileType = sourcecode.swift; path = GridItemPreferencesKey.swift; sourceTree = "<group>"; };
		CF7C0E2623F930E000F10DF6 /* View+GridStyle.swift */ = {isa = PBXFileReference; fileEncoding = 4; lastKnownFileType = sourcecode.swift; path = "View+GridStyle.swift"; sourceTree = "<group>"; };
		CF7C0E2723F930E000F10DF6 /* GridStyleKey.swift */ = {isa = PBXFileReference; fileEncoding = 4; lastKnownFileType = sourcecode.swift; path = GridStyleKey.swift; sourceTree = "<group>"; };
		CF7C0E2823F930E000F10DF6 /* EnvironmentValues+GridStyle.swift */ = {isa = PBXFileReference; fileEncoding = 4; lastKnownFileType = sourcecode.swift; path = "EnvironmentValues+GridStyle.swift"; sourceTree = "<group>"; };
		CF7C0E2923F930E000F10DF6 /* GridItemPreferences.swift */ = {isa = PBXFileReference; fileEncoding = 4; lastKnownFileType = sourcecode.swift; path = GridItemPreferences.swift; sourceTree = "<group>"; };
		CF7C0E2A23F930E000F10DF6 /* ModularGridStyle.swift */ = {isa = PBXFileReference; fileEncoding = 4; lastKnownFileType = sourcecode.swift; path = ModularGridStyle.swift; sourceTree = "<group>"; };
		CF7C0E2B23F930E000F10DF6 /* Grid.swift */ = {isa = PBXFileReference; fileEncoding = 4; lastKnownFileType = sourcecode.swift; path = Grid.swift; sourceTree = "<group>"; };
		CF7C0E3923F9317000F10DF6 /* Item.swift */ = {isa = PBXFileReference; lastKnownFileType = sourcecode.swift; path = Item.swift; sourceTree = "<group>"; };
		CF7C0E3B23F936F400F10DF6 /* GridInterface.swift */ = {isa = PBXFileReference; lastKnownFileType = sourcecode.swift; path = GridInterface.swift; sourceTree = "<group>"; };
		CF7C0E3D23F972FA00F10DF6 /* Constants.swift */ = {isa = PBXFileReference; lastKnownFileType = sourcecode.swift; path = Constants.swift; sourceTree = "<group>"; };
		CF7C0E4123F97FD200F10DF6 /* GoogleService-Info.plist */ = {isa = PBXFileReference; fileEncoding = 4; lastKnownFileType = text.plist.xml; name = "GoogleService-Info.plist"; path = "../../../../GoogleService-Info.plist"; sourceTree = "<group>"; };
		CFDB7D2723F92FAB002A0284 /* GridViewController.swift */ = {isa = PBXFileReference; lastKnownFileType = sourcecode.swift; path = GridViewController.swift; sourceTree = "<group>"; };
		CFEA015723F7BAC500C93CD2 /* umaps.app */ = {isa = PBXFileReference; explicitFileType = wrapper.application; includeInIndex = 0; path = umaps.app; sourceTree = BUILT_PRODUCTS_DIR; };
		CFEA015A23F7BAC500C93CD2 /* AppDelegate.swift */ = {isa = PBXFileReference; lastKnownFileType = sourcecode.swift; path = AppDelegate.swift; sourceTree = "<group>"; };
		CFEA015C23F7BAC500C93CD2 /* SceneDelegate.swift */ = {isa = PBXFileReference; lastKnownFileType = sourcecode.swift; path = SceneDelegate.swift; sourceTree = "<group>"; };
		CFEA015E23F7BAC500C93CD2 /* ViewController.swift */ = {isa = PBXFileReference; lastKnownFileType = sourcecode.swift; path = ViewController.swift; sourceTree = "<group>"; };
		CFEA016123F7BAC500C93CD2 /* Base */ = {isa = PBXFileReference; lastKnownFileType = file.storyboard; name = Base; path = Base.lproj/Main.storyboard; sourceTree = "<group>"; };
		CFEA016323F7BAC600C93CD2 /* Assets.xcassets */ = {isa = PBXFileReference; lastKnownFileType = folder.assetcatalog; path = Assets.xcassets; sourceTree = "<group>"; };
		CFEA016623F7BAC600C93CD2 /* Base */ = {isa = PBXFileReference; lastKnownFileType = file.storyboard; name = Base; path = Base.lproj/LaunchScreen.storyboard; sourceTree = "<group>"; };
		CFEA016823F7BAC600C93CD2 /* Info.plist */ = {isa = PBXFileReference; lastKnownFileType = text.plist.xml; path = Info.plist; sourceTree = "<group>"; };
/* End PBXFileReference section */

/* Begin PBXFrameworksBuildPhase section */
		CFEA015423F7BAC500C93CD2 /* Frameworks */ = {
			isa = PBXFrameworksBuildPhase;
			buildActionMask = 2147483647;
			files = (
				123B4E8E45471E8E45487859 /* Pods_umaps.framework in Frameworks */,
			);
			runOnlyForDeploymentPostprocessing = 0;
		};
/* End PBXFrameworksBuildPhase section */

/* Begin PBXGroup section */
		5D0CD65C098AEFE51F7F5246 /* Pods */ = {
			isa = PBXGroup;
			children = (
				8152A171576043C2ED97910D /* Pods-umaps.debug.xcconfig */,
				6152E3A58D7EFB274435AC41 /* Pods-umaps.release.xcconfig */,
			);
			path = Pods;
			sourceTree = "<group>";
		};
		B07A8410703A4B0AF524641B /* Frameworks */ = {
			isa = PBXGroup;
			children = (
				66FA5686ABB002F426C6EB1E /* Pods_umaps.framework */,
			);
			name = Frameworks;
			sourceTree = "<group>";
		};
		CF7C0E1A23F930E000F10DF6 /* Sources */ = {
			isa = PBXGroup;
			children = (
				CF7C0E1B23F930E000F10DF6 /* Grid */,
			);
			path = Sources;
			sourceTree = "<group>";
		};
		CF7C0E1B23F930E000F10DF6 /* Grid */ = {
			isa = PBXGroup;
			children = (
				CF7C0E2B23F930E000F10DF6 /* Grid.swift */,
				CF7C0E1C23F930E000F10DF6 /* Grid+Inits.swift */,
				CF7C0E1D23F930E000F10DF6 /* Styles */,
			);
			path = Grid;
			sourceTree = "<group>";
		};
		CF7C0E1D23F930E000F10DF6 /* Styles */ = {
			isa = PBXGroup;
			children = (
				CF7C0E1E23F930E000F10DF6 /* StaggeredGridStyle.swift */,
				CF7C0E1F23F930E000F10DF6 /* Layout */,
				CF7C0E2223F930E000F10DF6 /* Style */,
				CF7C0E2A23F930E000F10DF6 /* ModularGridStyle.swift */,
			);
			path = Styles;
			sourceTree = "<group>";
		};
		CF7C0E1F23F930E000F10DF6 /* Layout */ = {
			isa = PBXGroup;
			children = (
				CF7C0E2023F930E000F10DF6 /* Tracks.swift */,
				CF7C0E2123F930E000F10DF6 /* LayoutMath.swift */,
			);
			path = Layout;
			sourceTree = "<group>";
		};
		CF7C0E2223F930E000F10DF6 /* Style */ = {
			isa = PBXGroup;
			children = (
				CF7C0E2323F930E000F10DF6 /* GridStyle.swift */,
				CF7C0E2423F930E000F10DF6 /* GridItemPreferencesModifier.swift */,
				CF7C0E2523F930E000F10DF6 /* GridItemPreferencesKey.swift */,
				CF7C0E2623F930E000F10DF6 /* View+GridStyle.swift */,
				CF7C0E2723F930E000F10DF6 /* GridStyleKey.swift */,
				CF7C0E2823F930E000F10DF6 /* EnvironmentValues+GridStyle.swift */,
				CF7C0E2923F930E000F10DF6 /* GridItemPreferences.swift */,
			);
			path = Style;
			sourceTree = "<group>";
		};
		CFEA014E23F7BAC500C93CD2 = {
			isa = PBXGroup;
			children = (
				CFEA015923F7BAC500C93CD2 /* umaps */,
				CFEA015823F7BAC500C93CD2 /* Products */,
				5D0CD65C098AEFE51F7F5246 /* Pods */,
				B07A8410703A4B0AF524641B /* Frameworks */,
			);
			sourceTree = "<group>";
		};
		CFEA015823F7BAC500C93CD2 /* Products */ = {
			isa = PBXGroup;
			children = (
				CFEA015723F7BAC500C93CD2 /* umaps.app */,
			);
			name = Products;
			sourceTree = "<group>";
		};
		CFEA015923F7BAC500C93CD2 /* umaps */ = {
			isa = PBXGroup;
			children = (
				CFEA015A23F7BAC500C93CD2 /* AppDelegate.swift */,
				CFEA015C23F7BAC500C93CD2 /* SceneDelegate.swift */,
				CF6D016D23F862D200F4EE2F /* Square.swift */,
				CF7C0E3923F9317000F10DF6 /* Item.swift */,
				CFEA016023F7BAC500C93CD2 /* Main.storyboard */,
				CFEA015E23F7BAC500C93CD2 /* ViewController.swift */,
				CFDB7D2723F92FAB002A0284 /* GridViewController.swift */,
				CF7C0E3D23F972FA00F10DF6 /* Constants.swift */,
				CF7C0E3B23F936F400F10DF6 /* GridInterface.swift */,
				CF7C0E1A23F930E000F10DF6 /* Sources */,
				CFEA016323F7BAC600C93CD2 /* Assets.xcassets */,
				CFEA016523F7BAC600C93CD2 /* LaunchScreen.storyboard */,
				CFEA016823F7BAC600C93CD2 /* Info.plist */,
				CF7C0E4123F97FD200F10DF6 /* GoogleService-Info.plist */,
			);
			path = umaps;
			sourceTree = "<group>";
		};
/* End PBXGroup section */

/* Begin PBXNativeTarget section */
		CFEA015623F7BAC500C93CD2 /* umaps */ = {
			isa = PBXNativeTarget;
			buildConfigurationList = CFEA016B23F7BAC600C93CD2 /* Build configuration list for PBXNativeTarget "umaps" */;
			buildPhases = (
				0723FCFD02462006A6270B68 /* [CP] Check Pods Manifest.lock */,
				CFEA015323F7BAC500C93CD2 /* Sources */,
				CFEA015423F7BAC500C93CD2 /* Frameworks */,
				CFEA015523F7BAC500C93CD2 /* Resources */,
				41EF1BCC5C605D1BDC1220E0 /* [CP] Copy Pods Resources */,
				AB56F9D8E68D007F50045F7B /* [CP] Embed Pods Frameworks */,
			);
			buildRules = (
			);
			dependencies = (
			);
			name = umaps;
			productName = umaps;
			productReference = CFEA015723F7BAC500C93CD2 /* umaps.app */;
			productType = "com.apple.product-type.application";
		};
/* End PBXNativeTarget section */

/* Begin PBXProject section */
		CFEA014F23F7BAC500C93CD2 /* Project object */ = {
			isa = PBXProject;
			attributes = {
				LastSwiftUpdateCheck = 1130;
				LastUpgradeCheck = 1130;
				ORGANIZATIONNAME = treehacks;
				TargetAttributes = {
					CFEA015623F7BAC500C93CD2 = {
						CreatedOnToolsVersion = 11.3.1;
					};
				};
			};
			buildConfigurationList = CFEA015223F7BAC500C93CD2 /* Build configuration list for PBXProject "umaps" */;
			compatibilityVersion = "Xcode 9.3";
			developmentRegion = en;
			hasScannedForEncodings = 0;
			knownRegions = (
				en,
				Base,
			);
			mainGroup = CFEA014E23F7BAC500C93CD2;
			productRefGroup = CFEA015823F7BAC500C93CD2 /* Products */;
			projectDirPath = "";
			projectRoot = "";
			targets = (
				CFEA015623F7BAC500C93CD2 /* umaps */,
			);
		};
/* End PBXProject section */

/* Begin PBXResourcesBuildPhase section */
		CFEA015523F7BAC500C93CD2 /* Resources */ = {
			isa = PBXResourcesBuildPhase;
			buildActionMask = 2147483647;
			files = (
				CFEA016723F7BAC600C93CD2 /* LaunchScreen.storyboard in Resources */,
				CF7C0E4223F97FD200F10DF6 /* GoogleService-Info.plist in Resources */,
				CFEA016423F7BAC600C93CD2 /* Assets.xcassets in Resources */,
				CFEA016223F7BAC500C93CD2 /* Main.storyboard in Resources */,
			);
			runOnlyForDeploymentPostprocessing = 0;
		};
/* End PBXResourcesBuildPhase section */

/* Begin PBXShellScriptBuildPhase section */
		0723FCFD02462006A6270B68 /* [CP] Check Pods Manifest.lock */ = {
			isa = PBXShellScriptBuildPhase;
			buildActionMask = 2147483647;
			files = (
			);
			inputFileListPaths = (
			);
			inputPaths = (
				"${PODS_PODFILE_DIR_PATH}/Podfile.lock",
				"${PODS_ROOT}/Manifest.lock",
			);
			name = "[CP] Check Pods Manifest.lock";
			outputFileListPaths = (
			);
			outputPaths = (
				"$(DERIVED_FILE_DIR)/Pods-umaps-checkManifestLockResult.txt",
			);
			runOnlyForDeploymentPostprocessing = 0;
			shellPath = /bin/sh;
			shellScript = "diff \"${PODS_PODFILE_DIR_PATH}/Podfile.lock\" \"${PODS_ROOT}/Manifest.lock\" > /dev/null\nif [ $? != 0 ] ; then\n    # print error to STDERR\n    echo \"error: The sandbox is not in sync with the Podfile.lock. Run 'pod install' or update your CocoaPods installation.\" >&2\n    exit 1\nfi\n# This output is used by Xcode 'outputs' to avoid re-running this script phase.\necho \"SUCCESS\" > \"${SCRIPT_OUTPUT_FILE_0}\"\n";
			showEnvVarsInLog = 0;
		};
		41EF1BCC5C605D1BDC1220E0 /* [CP] Copy Pods Resources */ = {
			isa = PBXShellScriptBuildPhase;
			buildActionMask = 2147483647;
			files = (
			);
			inputFileListPaths = (
				"${PODS_ROOT}/Target Support Files/Pods-umaps/Pods-umaps-resources-${CONFIGURATION}-input-files.xcfilelist",
			);
			name = "[CP] Copy Pods Resources";
			outputFileListPaths = (
				"${PODS_ROOT}/Target Support Files/Pods-umaps/Pods-umaps-resources-${CONFIGURATION}-output-files.xcfilelist",
			);
			runOnlyForDeploymentPostprocessing = 0;
			shellPath = /bin/sh;
			shellScript = "\"${PODS_ROOT}/Target Support Files/Pods-umaps/Pods-umaps-resources.sh\"\n";
			showEnvVarsInLog = 0;
		};
		AB56F9D8E68D007F50045F7B /* [CP] Embed Pods Frameworks */ = {
			isa = PBXShellScriptBuildPhase;
			buildActionMask = 2147483647;
			files = (
			);
			inputFileListPaths = (
				"${PODS_ROOT}/Target Support Files/Pods-umaps/Pods-umaps-frameworks-${CONFIGURATION}-input-files.xcfilelist",
			);
			name = "[CP] Embed Pods Frameworks";
			outputFileListPaths = (
				"${PODS_ROOT}/Target Support Files/Pods-umaps/Pods-umaps-frameworks-${CONFIGURATION}-output-files.xcfilelist",
			);
			runOnlyForDeploymentPostprocessing = 0;
			shellPath = /bin/sh;
			shellScript = "\"${PODS_ROOT}/Target Support Files/Pods-umaps/Pods-umaps-frameworks.sh\"\n";
			showEnvVarsInLog = 0;
		};
/* End PBXShellScriptBuildPhase section */

/* Begin PBXSourcesBuildPhase section */
		CFEA015323F7BAC500C93CD2 /* Sources */ = {
			isa = PBXSourcesBuildPhase;
			buildActionMask = 2147483647;
			files = (
				CF6D016E23F862D200F4EE2F /* Square.swift in Sources */,
				CFDB7D2823F92FAB002A0284 /* GridViewController.swift in Sources */,
				CFEA015F23F7BAC500C93CD2 /* ViewController.swift in Sources */,
				CF7C0E3223F930E000F10DF6 /* GridItemPreferencesKey.swift in Sources */,
				CFEA015B23F7BAC500C93CD2 /* AppDelegate.swift in Sources */,
				CF7C0E3323F930E000F10DF6 /* View+GridStyle.swift in Sources */,
				CF7C0E3723F930E000F10DF6 /* ModularGridStyle.swift in Sources */,
				CFEA015D23F7BAC500C93CD2 /* SceneDelegate.swift in Sources */,
				CF7C0E3423F930E000F10DF6 /* GridStyleKey.swift in Sources */,
				CF7C0E2D23F930E000F10DF6 /* StaggeredGridStyle.swift in Sources */,
				CF7C0E3523F930E000F10DF6 /* EnvironmentValues+GridStyle.swift in Sources */,
				CF7C0E3E23F972FA00F10DF6 /* Constants.swift in Sources */,
				CF7C0E2C23F930E000F10DF6 /* Grid+Inits.swift in Sources */,
				CF7C0E3623F930E000F10DF6 /* GridItemPreferences.swift in Sources */,
				CF7C0E3C23F936F400F10DF6 /* GridInterface.swift in Sources */,
				CF7C0E2F23F930E000F10DF6 /* LayoutMath.swift in Sources */,
				CF7C0E3A23F9317000F10DF6 /* Item.swift in Sources */,
				CF7C0E3123F930E000F10DF6 /* GridItemPreferencesModifier.swift in Sources */,
				CF7C0E2E23F930E000F10DF6 /* Tracks.swift in Sources */,
				CF7C0E3023F930E000F10DF6 /* GridStyle.swift in Sources */,
				CF7C0E3823F930E000F10DF6 /* Grid.swift in Sources */,
			);
			runOnlyForDeploymentPostprocessing = 0;
		};
/* End PBXSourcesBuildPhase section */

/* Begin PBXVariantGroup section */
		CFEA016023F7BAC500C93CD2 /* Main.storyboard */ = {
			isa = PBXVariantGroup;
			children = (
				CFEA016123F7BAC500C93CD2 /* Base */,
			);
			name = Main.storyboard;
			sourceTree = "<group>";
		};
		CFEA016523F7BAC600C93CD2 /* LaunchScreen.storyboard */ = {
			isa = PBXVariantGroup;
			children = (
				CFEA016623F7BAC600C93CD2 /* Base */,
			);
			name = LaunchScreen.storyboard;
			sourceTree = "<group>";
		};
/* End PBXVariantGroup section */

/* Begin XCBuildConfiguration section */
		CFEA016923F7BAC600C93CD2 /* Debug */ = {
			isa = XCBuildConfiguration;
			buildSettings = {
				ALWAYS_SEARCH_USER_PATHS = NO;
				CLANG_ANALYZER_NONNULL = YES;
				CLANG_ANALYZER_NUMBER_OBJECT_CONVERSION = YES_AGGRESSIVE;
				CLANG_CXX_LANGUAGE_STANDARD = "gnu++14";
				CLANG_CXX_LIBRARY = "libc++";
				CLANG_ENABLE_MODULES = YES;
				CLANG_ENABLE_OBJC_ARC = YES;
				CLANG_ENABLE_OBJC_WEAK = YES;
				CLANG_WARN_BLOCK_CAPTURE_AUTORELEASING = YES;
				CLANG_WARN_BOOL_CONVERSION = YES;
				CLANG_WARN_COMMA = YES;
				CLANG_WARN_CONSTANT_CONVERSION = YES;
				CLANG_WARN_DEPRECATED_OBJC_IMPLEMENTATIONS = YES;
				CLANG_WARN_DIRECT_OBJC_ISA_USAGE = YES_ERROR;
				CLANG_WARN_DOCUMENTATION_COMMENTS = YES;
				CLANG_WARN_EMPTY_BODY = YES;
				CLANG_WARN_ENUM_CONVERSION = YES;
				CLANG_WARN_INFINITE_RECURSION = YES;
				CLANG_WARN_INT_CONVERSION = YES;
				CLANG_WARN_NON_LITERAL_NULL_CONVERSION = YES;
				CLANG_WARN_OBJC_IMPLICIT_RETAIN_SELF = YES;
				CLANG_WARN_OBJC_LITERAL_CONVERSION = YES;
				CLANG_WARN_OBJC_ROOT_CLASS = YES_ERROR;
				CLANG_WARN_RANGE_LOOP_ANALYSIS = YES;
				CLANG_WARN_STRICT_PROTOTYPES = YES;
				CLANG_WARN_SUSPICIOUS_MOVE = YES;
				CLANG_WARN_UNGUARDED_AVAILABILITY = YES_AGGRESSIVE;
				CLANG_WARN_UNREACHABLE_CODE = YES;
				CLANG_WARN__DUPLICATE_METHOD_MATCH = YES;
				COPY_PHASE_STRIP = NO;
				DEBUG_INFORMATION_FORMAT = dwarf;
				ENABLE_STRICT_OBJC_MSGSEND = YES;
				ENABLE_TESTABILITY = YES;
				GCC_C_LANGUAGE_STANDARD = gnu11;
				GCC_DYNAMIC_NO_PIC = NO;
				GCC_NO_COMMON_BLOCKS = YES;
				GCC_OPTIMIZATION_LEVEL = 0;
				GCC_PREPROCESSOR_DEFINITIONS = (
					"DEBUG=1",
					"$(inherited)",
				);
				GCC_WARN_64_TO_32_BIT_CONVERSION = YES;
				GCC_WARN_ABOUT_RETURN_TYPE = YES_ERROR;
				GCC_WARN_UNDECLARED_SELECTOR = YES;
				GCC_WARN_UNINITIALIZED_AUTOS = YES_AGGRESSIVE;
				GCC_WARN_UNUSED_FUNCTION = YES;
				GCC_WARN_UNUSED_VARIABLE = YES;
				IPHONEOS_DEPLOYMENT_TARGET = 13.2;
				MTL_ENABLE_DEBUG_INFO = INCLUDE_SOURCE;
				MTL_FAST_MATH = YES;
				ONLY_ACTIVE_ARCH = YES;
				SDKROOT = iphoneos;
				SWIFT_ACTIVE_COMPILATION_CONDITIONS = DEBUG;
				SWIFT_OPTIMIZATION_LEVEL = "-Onone";
			};
			name = Debug;
		};
		CFEA016A23F7BAC600C93CD2 /* Release */ = {
			isa = XCBuildConfiguration;
			buildSettings = {
				ALWAYS_SEARCH_USER_PATHS = NO;
				CLANG_ANALYZER_NONNULL = YES;
				CLANG_ANALYZER_NUMBER_OBJECT_CONVERSION = YES_AGGRESSIVE;
				CLANG_CXX_LANGUAGE_STANDARD = "gnu++14";
				CLANG_CXX_LIBRARY = "libc++";
				CLANG_ENABLE_MODULES = YES;
				CLANG_ENABLE_OBJC_ARC = YES;
				CLANG_ENABLE_OBJC_WEAK = YES;
				CLANG_WARN_BLOCK_CAPTURE_AUTORELEASING = YES;
				CLANG_WARN_BOOL_CONVERSION = YES;
				CLANG_WARN_COMMA = YES;
				CLANG_WARN_CONSTANT_CONVERSION = YES;
				CLANG_WARN_DEPRECATED_OBJC_IMPLEMENTATIONS = YES;
				CLANG_WARN_DIRECT_OBJC_ISA_USAGE = YES_ERROR;
				CLANG_WARN_DOCUMENTATION_COMMENTS = YES;
				CLANG_WARN_EMPTY_BODY = YES;
				CLANG_WARN_ENUM_CONVERSION = YES;
				CLANG_WARN_INFINITE_RECURSION = YES;
				CLANG_WARN_INT_CONVERSION = YES;
				CLANG_WARN_NON_LITERAL_NULL_CONVERSION = YES;
				CLANG_WARN_OBJC_IMPLICIT_RETAIN_SELF = YES;
				CLANG_WARN_OBJC_LITERAL_CONVERSION = YES;
				CLANG_WARN_OBJC_ROOT_CLASS = YES_ERROR;
				CLANG_WARN_RANGE_LOOP_ANALYSIS = YES;
				CLANG_WARN_STRICT_PROTOTYPES = YES;
				CLANG_WARN_SUSPICIOUS_MOVE = YES;
				CLANG_WARN_UNGUARDED_AVAILABILITY = YES_AGGRESSIVE;
				CLANG_WARN_UNREACHABLE_CODE = YES;
				CLANG_WARN__DUPLICATE_METHOD_MATCH = YES;
				COPY_PHASE_STRIP = NO;
				DEBUG_INFORMATION_FORMAT = "dwarf-with-dsym";
				ENABLE_NS_ASSERTIONS = NO;
				ENABLE_STRICT_OBJC_MSGSEND = YES;
				GCC_C_LANGUAGE_STANDARD = gnu11;
				GCC_NO_COMMON_BLOCKS = YES;
				GCC_WARN_64_TO_32_BIT_CONVERSION = YES;
				GCC_WARN_ABOUT_RETURN_TYPE = YES_ERROR;
				GCC_WARN_UNDECLARED_SELECTOR = YES;
				GCC_WARN_UNINITIALIZED_AUTOS = YES_AGGRESSIVE;
				GCC_WARN_UNUSED_FUNCTION = YES;
				GCC_WARN_UNUSED_VARIABLE = YES;
				IPHONEOS_DEPLOYMENT_TARGET = 13.2;
				MTL_ENABLE_DEBUG_INFO = NO;
				MTL_FAST_MATH = YES;
				SDKROOT = iphoneos;
				SWIFT_COMPILATION_MODE = wholemodule;
				SWIFT_OPTIMIZATION_LEVEL = "-O";
				VALIDATE_PRODUCT = YES;
			};
			name = Release;
		};
		CFEA016C23F7BAC600C93CD2 /* Debug */ = {
			isa = XCBuildConfiguration;
			baseConfigurationReference = 8152A171576043C2ED97910D /* Pods-umaps.debug.xcconfig */;
			buildSettings = {
				ASSETCATALOG_COMPILER_APPICON_NAME = AppIcon;
				CODE_SIGN_STYLE = Automatic;
				DEVELOPMENT_TEAM = 573555L2N8;
				INFOPLIST_FILE = umaps/Info.plist;
				LD_RUNPATH_SEARCH_PATHS = (
					"$(inherited)",
					"@executable_path/Frameworks",
				);
				PRODUCT_BUNDLE_IDENTIFIER = treehacks2020.umaps;
				PRODUCT_NAME = "$(TARGET_NAME)";
				SWIFT_VERSION = 5.0;
				TARGETED_DEVICE_FAMILY = 1;
			};
			name = Debug;
		};
		CFEA016D23F7BAC600C93CD2 /* Release */ = {
			isa = XCBuildConfiguration;
			baseConfigurationReference = 6152E3A58D7EFB274435AC41 /* Pods-umaps.release.xcconfig */;
			buildSettings = {
				ASSETCATALOG_COMPILER_APPICON_NAME = AppIcon;
				CODE_SIGN_STYLE = Automatic;
				DEVELOPMENT_TEAM = 573555L2N8;
				INFOPLIST_FILE = umaps/Info.plist;
				LD_RUNPATH_SEARCH_PATHS = (
					"$(inherited)",
					"@executable_path/Frameworks",
				);
				PRODUCT_BUNDLE_IDENTIFIER = treehacks2020.umaps;
				PRODUCT_NAME = "$(TARGET_NAME)";
				SWIFT_VERSION = 5.0;
				TARGETED_DEVICE_FAMILY = 1;
			};
			name = Release;
		};
/* End XCBuildConfiguration section */

/* Begin XCConfigurationList section */
		CFEA015223F7BAC500C93CD2 /* Build configuration list for PBXProject "umaps" */ = {
			isa = XCConfigurationList;
			buildConfigurations = (
				CFEA016923F7BAC600C93CD2 /* Debug */,
				CFEA016A23F7BAC600C93CD2 /* Release */,
			);
			defaultConfigurationIsVisible = 0;
			defaultConfigurationName = Release;
		};
		CFEA016B23F7BAC600C93CD2 /* Build configuration list for PBXNativeTarget "umaps" */ = {
			isa = XCConfigurationList;
			buildConfigurations = (
				CFEA016C23F7BAC600C93CD2 /* Debug */,
				CFEA016D23F7BAC600C93CD2 /* Release */,
			);
			defaultConfigurationIsVisible = 0;
			defaultConfigurationName = Release;
		};
/* End XCConfigurationList section */
	};
	rootObject = CFEA014F23F7BAC500C93CD2 /* Project object */;
}
